
Microsoft Visual Studio Solution File, Format Version 12.00
# Visual Studio 15
VisualStudioVersion = 15.0.26730.15
MinimumVisualStudioVersion = 10.0.40219.1
Project("{FAE04EC0-301F-11D3-BF4B-00C04F79EFBC}") = "PI_UFL_ini_bat_file_creator.Wpf", "PI_UFL_ini_bat_file_creator.Wpf\PI_UFL_ini_bat_file_creator.Wpf.csproj", "{701046E7-2D4F-422C-8498-C5F70E12880B}"
EndProject
Global
	GlobalSection(SolutionConfigurationPlatforms) = preSolution
		Debug|Any CPU = Debug|Any CPU
		Release|Any CPU = Release|Any CPU
	EndGlobalSection
	GlobalSection(ProjectConfigurationPlatforms) = postSolution
		{701046E7-2D4F-422C-8498-C5F70E12880B}.Debug|Any CPU.ActiveCfg = Debug|Any CPU
		{701046E7-2D4F-422C-8498-C5F70E12880B}.Debug|Any CPU.Build.0 = Debug|Any CPU
		{701046E7-2D4F-422C-8498-C5F70E12880B}.Release|Any CPU.ActiveCfg = Release|Any CPU
		{701046E7-2D4F-422C-8498-C5F70E12880B}.Release|Any CPU.Build.0 = Release|Any CPU
	EndGlobalSection
	GlobalSection(SolutionProperties) = preSolution
		HideSolutionNode = FALSE
	EndGlobalSection
	GlobalSection(ExtensibilityGlobals) = postSolution
		SolutionGuid = {F88DB8EE-A0E9-41D8-90A7-BA0FD18783D5}
	EndGlobalSection
EndGlobal
